
Microsoft Visual Studio Solution File, Format Version 12.00
# Visual Studio 15
Project("{FAE04EC0-301F-11D3-BF4B-00C04F79EFBC}") = "DeveloperSample.Droid", "DeveloperSample.Droid\DeveloperSample.Droid.csproj", "{74AAC01F-8338-413B-BFD7-4D5843DC35DE}"
EndProject
Project("{FAE04EC0-301F-11D3-BF4B-00C04F79EFBC}") = "DeveloperSample.iOS", "DeveloperSample.iOS\DeveloperSample.iOS.csproj", "{86EAE4C8-C4B7-47E2-874F-3FFC4A3F8CB2}"
EndProject
Project("{FAE04EC0-301F-11D3-BF4B-00C04F79EFBC}") = "DeveloperSample.Core", "DeveloperSample.Core\DeveloperSample.Core.csproj", "{C07297C8-BFC2-4503-B692-81F5BDCA0F92}"
EndProject
Project("{FAE04EC0-301F-11D3-BF4B-00C04F79EFBC}") = "DeveloperSample.UITests", "DeveloperSample.UITests\DeveloperSample.UITests.csproj", "{2BF8549D-076C-4D2F-A38C-09873674903D}"
EndProject
Project("{2150E333-8FDC-42A3-9474-1A3956D46DE8}") = "DeveloperSample.Extras", "DeveloperSample.Extras", "{2CCBA39C-1D1C-494E-8F43-CE3AAA443DA6}"
	ProjectSection(SolutionItems) = preProject
		.editorconfig = .editorconfig
		.gitattributes = .gitattributes
		.gitignore = .gitignore
		DeveloperSample.sln.DotSettings = DeveloperSample.sln.DotSettings
		DeveloperSample.targets = DeveloperSample.targets
		.github\FUNDING.yml = .github\FUNDING.yml
		README.md = README.md
	EndProjectSection
EndProject
Project("{FAE04EC0-301F-11D3-BF4B-00C04F79EFBC}") = "Framinosona.DragAndDrop", "Framinosona.DragAndDrop\Framinosona.DragAndDrop.csproj", "{8FF072BE-8E8E-4612-A873-B57C04E4A640}"
EndProject
Project("{FAE04EC0-301F-11D3-BF4B-00C04F79EFBC}") = "Framinosona.Color.Extensions", "Framinosona.Color.Extensions\Framinosona.Color.Extensions.csproj", "{7872F7E5-36EF-41DF-B167-E1960CE5B3FA}"
EndProject
Project("{FAE04EC0-301F-11D3-BF4B-00C04F79EFBC}") = "Framinosona.StatusBar", "Framinosona.StatusBar\Framinosona.StatusBar.csproj", "{025C0ADE-72CC-4185-991D-25C525A8295D}"
EndProject
Project("{FAE04EC0-301F-11D3-BF4B-00C04F79EFBC}") = "Framinosona.Logging", "Framinosona.Logging\Framinosona.Logging.csproj", "{C55DDAE9-29BD-4730-91FC-29FC61B55FFE}"
EndProject
Global
	GlobalSection(SolutionConfigurationPlatforms) = preSolution
		Debug|Any CPU = Debug|Any CPU
		Release|Any CPU = Release|Any CPU
		Debug|iPhoneSimulator = Debug|iPhoneSimulator
		Release|iPhoneSimulator = Release|iPhoneSimulator
		Debug|iPhone = Debug|iPhone
		Release|iPhone = Release|iPhone
	EndGlobalSection
	GlobalSection(ProjectConfigurationPlatforms) = postSolution
		{74AAC01F-8338-413B-BFD7-4D5843DC35DE}.Debug|Any CPU.ActiveCfg = Debug|Any CPU
		{74AAC01F-8338-413B-BFD7-4D5843DC35DE}.Debug|Any CPU.Build.0 = Debug|Any CPU
		{74AAC01F-8338-413B-BFD7-4D5843DC35DE}.Release|Any CPU.ActiveCfg = Release|Any CPU
		{74AAC01F-8338-413B-BFD7-4D5843DC35DE}.Release|Any CPU.Build.0 = Release|Any CPU
		{74AAC01F-8338-413B-BFD7-4D5843DC35DE}.Debug|iPhoneSimulator.ActiveCfg = Debug|Any CPU
		{74AAC01F-8338-413B-BFD7-4D5843DC35DE}.Release|iPhoneSimulator.ActiveCfg = Release|Any CPU
		{74AAC01F-8338-413B-BFD7-4D5843DC35DE}.Debug|iPhone.ActiveCfg = Debug|Any CPU
		{74AAC01F-8338-413B-BFD7-4D5843DC35DE}.Release|iPhone.ActiveCfg = Release|Any CPU
		{86EAE4C8-C4B7-47E2-874F-3FFC4A3F8CB2}.Debug|Any CPU.ActiveCfg = Debug|iPhoneSimulator
		{86EAE4C8-C4B7-47E2-874F-3FFC4A3F8CB2}.Debug|Any CPU.Build.0 = Debug|iPhoneSimulator
		{86EAE4C8-C4B7-47E2-874F-3FFC4A3F8CB2}.Release|Any CPU.ActiveCfg = Release|iPhoneSimulator
		{86EAE4C8-C4B7-47E2-874F-3FFC4A3F8CB2}.Release|Any CPU.Build.0 = Release|iPhoneSimulator
		{86EAE4C8-C4B7-47E2-874F-3FFC4A3F8CB2}.Debug|iPhoneSimulator.ActiveCfg = Debug|iPhoneSimulator
		{86EAE4C8-C4B7-47E2-874F-3FFC4A3F8CB2}.Debug|iPhoneSimulator.Build.0 = Debug|iPhoneSimulator
		{86EAE4C8-C4B7-47E2-874F-3FFC4A3F8CB2}.Release|iPhoneSimulator.ActiveCfg = Release|iPhoneSimulator
		{86EAE4C8-C4B7-47E2-874F-3FFC4A3F8CB2}.Release|iPhoneSimulator.Build.0 = Release|iPhoneSimulator
		{86EAE4C8-C4B7-47E2-874F-3FFC4A3F8CB2}.Debug|iPhone.ActiveCfg = Debug|iPhone
		{86EAE4C8-C4B7-47E2-874F-3FFC4A3F8CB2}.Debug|iPhone.Build.0 = Debug|iPhone
		{86EAE4C8-C4B7-47E2-874F-3FFC4A3F8CB2}.Release|iPhone.ActiveCfg = Release|iPhone
		{86EAE4C8-C4B7-47E2-874F-3FFC4A3F8CB2}.Release|iPhone.Build.0 = Release|iPhone
		{C07297C8-BFC2-4503-B692-81F5BDCA0F92}.Debug|Any CPU.ActiveCfg = Debug|Any CPU
		{C07297C8-BFC2-4503-B692-81F5BDCA0F92}.Debug|Any CPU.Build.0 = Debug|Any CPU
		{C07297C8-BFC2-4503-B692-81F5BDCA0F92}.Release|Any CPU.ActiveCfg = Release|Any CPU
		{C07297C8-BFC2-4503-B692-81F5BDCA0F92}.Release|Any CPU.Build.0 = Release|Any CPU
		{C07297C8-BFC2-4503-B692-81F5BDCA0F92}.Debug|iPhoneSimulator.ActiveCfg = Debug|Any CPU
		{C07297C8-BFC2-4503-B692-81F5BDCA0F92}.Debug|iPhoneSimulator.Build.0 = Debug|Any CPU
		{C07297C8-BFC2-4503-B692-81F5BDCA0F92}.Release|iPhoneSimulator.ActiveCfg = Release|Any CPU
		{C07297C8-BFC2-4503-B692-81F5BDCA0F92}.Release|iPhoneSimulator.Build.0 = Release|Any CPU
		{C07297C8-BFC2-4503-B692-81F5BDCA0F92}.Debug|iPhone.ActiveCfg = Debug|Any CPU
		{C07297C8-BFC2-4503-B692-81F5BDCA0F92}.Debug|iPhone.Build.0 = Debug|Any CPU
		{C07297C8-BFC2-4503-B692-81F5BDCA0F92}.Release|iPhone.ActiveCfg = Release|Any CPU
		{C07297C8-BFC2-4503-B692-81F5BDCA0F92}.Release|iPhone.Build.0 = Release|Any CPU
		{2BF8549D-076C-4D2F-A38C-09873674903D}.Debug|Any CPU.ActiveCfg = Debug|Any CPU
		{2BF8549D-076C-4D2F-A38C-09873674903D}.Debug|Any CPU.Build.0 = Debug|Any CPU
		{2BF8549D-076C-4D2F-A38C-09873674903D}.Release|Any CPU.ActiveCfg = Release|Any CPU
		{2BF8549D-076C-4D2F-A38C-09873674903D}.Release|Any CPU.Build.0 = Release|Any CPU
		{2BF8549D-076C-4D2F-A38C-09873674903D}.Debug|iPhoneSimulator.ActiveCfg = Debug|Any CPU
		{2BF8549D-076C-4D2F-A38C-09873674903D}.Debug|iPhoneSimulator.Build.0 = Debug|Any CPU
		{2BF8549D-076C-4D2F-A38C-09873674903D}.Release|iPhoneSimulator.ActiveCfg = Release|Any CPU
		{2BF8549D-076C-4D2F-A38C-09873674903D}.Release|iPhoneSimulator.Build.0 = Release|Any CPU
		{2BF8549D-076C-4D2F-A38C-09873674903D}.Debug|iPhone.ActiveCfg = Debug|Any CPU
		{2BF8549D-076C-4D2F-A38C-09873674903D}.Debug|iPhone.Build.0 = Debug|Any CPU
		{2BF8549D-076C-4D2F-A38C-09873674903D}.Release|iPhone.ActiveCfg = Release|Any CPU
		{2BF8549D-076C-4D2F-A38C-09873674903D}.Release|iPhone.Build.0 = Release|Any CPU
		{8FF072BE-8E8E-4612-A873-B57C04E4A640}.Debug|Any CPU.ActiveCfg = Debug|Any CPU
		{8FF072BE-8E8E-4612-A873-B57C04E4A640}.Debug|Any CPU.Build.0 = Debug|Any CPU
		{8FF072BE-8E8E-4612-A873-B57C04E4A640}.Release|Any CPU.ActiveCfg = Release|Any CPU
		{8FF072BE-8E8E-4612-A873-B57C04E4A640}.Release|Any CPU.Build.0 = Release|Any CPU
		{8FF072BE-8E8E-4612-A873-B57C04E4A640}.Debug|iPhoneSimulator.ActiveCfg = Debug|Any CPU
		{8FF072BE-8E8E-4612-A873-B57C04E4A640}.Debug|iPhoneSimulator.Build.0 = Debug|Any CPU
		{8FF072BE-8E8E-4612-A873-B57C04E4A640}.Release|iPhoneSimulator.ActiveCfg = Release|Any CPU
		{8FF072BE-8E8E-4612-A873-B57C04E4A640}.Release|iPhoneSimulator.Build.0 = Release|Any CPU
		{8FF072BE-8E8E-4612-A873-B57C04E4A640}.Debug|iPhone.ActiveCfg = Debug|Any CPU
		{8FF072BE-8E8E-4612-A873-B57C04E4A640}.Debug|iPhone.Build.0 = Debug|Any CPU
		{8FF072BE-8E8E-4612-A873-B57C04E4A640}.Release|iPhone.ActiveCfg = Release|Any CPU
		{8FF072BE-8E8E-4612-A873-B57C04E4A640}.Release|iPhone.Build.0 = Release|Any CPU
		{7872F7E5-36EF-41DF-B167-E1960CE5B3FA}.Debug|Any CPU.ActiveCfg = Debug|Any CPU
		{7872F7E5-36EF-41DF-B167-E1960CE5B3FA}.Debug|Any CPU.Build.0 = Debug|Any CPU
		{7872F7E5-36EF-41DF-B167-E1960CE5B3FA}.Release|Any CPU.ActiveCfg = Release|Any CPU
		{7872F7E5-36EF-41DF-B167-E1960CE5B3FA}.Release|Any CPU.Build.0 = Release|Any CPU
		{7872F7E5-36EF-41DF-B167-E1960CE5B3FA}.Debug|iPhoneSimulator.ActiveCfg = Debug|Any CPU
		{7872F7E5-36EF-41DF-B167-E1960CE5B3FA}.Debug|iPhoneSimulator.Build.0 = Debug|Any CPU
		{7872F7E5-36EF-41DF-B167-E1960CE5B3FA}.Release|iPhoneSimulator.ActiveCfg = Release|Any CPU
		{7872F7E5-36EF-41DF-B167-E1960CE5B3FA}.Release|iPhoneSimulator.Build.0 = Release|Any CPU
		{7872F7E5-36EF-41DF-B167-E1960CE5B3FA}.Debug|iPhone.ActiveCfg = Debug|Any CPU
		{7872F7E5-36EF-41DF-B167-E1960CE5B3FA}.Debug|iPhone.Build.0 = Debug|Any CPU
		{7872F7E5-36EF-41DF-B167-E1960CE5B3FA}.Release|iPhone.ActiveCfg = Release|Any CPU
		{7872F7E5-36EF-41DF-B167-E1960CE5B3FA}.Release|iPhone.Build.0 = Release|Any CPU
		{025C0ADE-72CC-4185-991D-25C525A8295D}.Debug|Any CPU.ActiveCfg = Debug|Any CPU
		{025C0ADE-72CC-4185-991D-25C525A8295D}.Debug|Any CPU.Build.0 = Debug|Any CPU
		{025C0ADE-72CC-4185-991D-25C525A8295D}.Release|Any CPU.ActiveCfg = Release|Any CPU
		{025C0ADE-72CC-4185-991D-25C525A8295D}.Release|Any CPU.Build.0 = Release|Any CPU
		{025C0ADE-72CC-4185-991D-25C525A8295D}.Debug|iPhoneSimulator.ActiveCfg = Debug|Any CPU
		{025C0ADE-72CC-4185-991D-25C525A8295D}.Debug|iPhoneSimulator.Build.0 = Debug|Any CPU
		{025C0ADE-72CC-4185-991D-25C525A8295D}.Release|iPhoneSimulator.ActiveCfg = Release|Any CPU
		{025C0ADE-72CC-4185-991D-25C525A8295D}.Release|iPhoneSimulator.Build.0 = Release|Any CPU
		{025C0ADE-72CC-4185-991D-25C525A8295D}.Debug|iPhone.ActiveCfg = Debug|Any CPU
		{025C0ADE-72CC-4185-991D-25C525A8295D}.Debug|iPhone.Build.0 = Debug|Any CPU
		{025C0ADE-72CC-4185-991D-25C525A8295D}.Release|iPhone.ActiveCfg = Release|Any CPU
		{025C0ADE-72CC-4185-991D-25C525A8295D}.Release|iPhone.Build.0 = Release|Any CPU
		{C55DDAE9-29BD-4730-91FC-29FC61B55FFE}.Debug|Any CPU.ActiveCfg = Debug|Any CPU
		{C55DDAE9-29BD-4730-91FC-29FC61B55FFE}.Debug|Any CPU.Build.0 = Debug|Any CPU
		{C55DDAE9-29BD-4730-91FC-29FC61B55FFE}.Release|Any CPU.ActiveCfg = Release|Any CPU
		{C55DDAE9-29BD-4730-91FC-29FC61B55FFE}.Release|Any CPU.Build.0 = Release|Any CPU
		{C55DDAE9-29BD-4730-91FC-29FC61B55FFE}.Debug|iPhoneSimulator.ActiveCfg = Debug|Any CPU
		{C55DDAE9-29BD-4730-91FC-29FC61B55FFE}.Debug|iPhoneSimulator.Build.0 = Debug|Any CPU
		{C55DDAE9-29BD-4730-91FC-29FC61B55FFE}.Release|iPhoneSimulator.ActiveCfg = Release|Any CPU
		{C55DDAE9-29BD-4730-91FC-29FC61B55FFE}.Release|iPhoneSimulator.Build.0 = Release|Any CPU
		{C55DDAE9-29BD-4730-91FC-29FC61B55FFE}.Debug|iPhone.ActiveCfg = Debug|Any CPU
		{C55DDAE9-29BD-4730-91FC-29FC61B55FFE}.Debug|iPhone.Build.0 = Debug|Any CPU
		{C55DDAE9-29BD-4730-91FC-29FC61B55FFE}.Release|iPhone.ActiveCfg = Release|Any CPU
		{C55DDAE9-29BD-4730-91FC-29FC61B55FFE}.Release|iPhone.Build.0 = Release|Any CPU
	EndGlobalSection
	GlobalSection(NestedProjects) = preSolution
	EndGlobalSection
EndGlobal
